
Microsoft Visual Studio Solution File, Format Version 12.00
# Visual Studio Version 16
VisualStudioVersion = 16.0.31129.286
MinimumVisualStudioVersion = 10.0.40219.1
Project("{FAE04EC0-301F-11D3-BF4B-00C04F79EFBC}") = "Taxi", "Taxi.csproj", "{C505A800-3230-42C9-91C9-8BD4D3BC9D5F}"
EndProject
Global
	GlobalSection(SolutionConfigurationPlatforms) = preSolution
		Debug|Any CPU = Debug|Any CPU
		Release|Any CPU = Release|Any CPU
	EndGlobalSection
	GlobalSection(ProjectConfigurationPlatforms) = postSolution
		{C505A800-3230-42C9-91C9-8BD4D3BC9D5F}.Debug|Any CPU.ActiveCfg = Debug|Any CPU
		{C505A800-3230-42C9-91C9-8BD4D3BC9D5F}.Debug|Any CPU.Build.0 = Debug|Any CPU
		{C505A800-3230-42C9-91C9-8BD4D3BC9D5F}.Release|Any CPU.ActiveCfg = Release|Any CPU
		{C505A800-3230-42C9-91C9-8BD4D3BC9D5F}.Release|Any CPU.Build.0 = Release|Any CPU
	EndGlobalSection
	GlobalSection(SolutionProperties) = preSolution
		HideSolutionNode = FALSE
	EndGlobalSection
	GlobalSection(ExtensibilityGlobals) = postSolution
		SolutionGuid = {7064868C-94AB-439A-B4DE-14CE0F24A027}
	EndGlobalSection
EndGlobal
